
Microsoft Visual Studio Solution File, Format Version 12.00
# Visual Studio Version 16
VisualStudioVersion = 16.0.30225.117
MinimumVisualStudioVersion = 10.0.40219.1
Project("{9A19103F-16F7-4668-BE54-9A1E7A4F7556}") = "NetCore.Docker", "NetCore.Docker.csproj", "{3BD155D8-5AE8-4752-B440-648D0F61AC00}"
EndProject
Global
	GlobalSection(SolutionConfigurationPlatforms) = preSolution
		Debug|Any CPU = Debug|Any CPU
		Release|Any CPU = Release|Any CPU
	EndGlobalSection
	GlobalSection(ProjectConfigurationPlatforms) = postSolution
		{3BD155D8-5AE8-4752-B440-648D0F61AC00}.Debug|Any CPU.ActiveCfg = Debug|Any CPU
		{3BD155D8-5AE8-4752-B440-648D0F61AC00}.Debug|Any CPU.Build.0 = Debug|Any CPU
		{3BD155D8-5AE8-4752-B440-648D0F61AC00}.Release|Any CPU.ActiveCfg = Release|Any CPU
		{3BD155D8-5AE8-4752-B440-648D0F61AC00}.Release|Any CPU.Build.0 = Release|Any CPU
	EndGlobalSection
	GlobalSection(SolutionProperties) = preSolution
		HideSolutionNode = FALSE
	EndGlobalSection
	GlobalSection(ExtensibilityGlobals) = postSolution
		SolutionGuid = {FE42E6E9-D608-4E66-8E7A-58217D8437E8}
	EndGlobalSection
EndGlobal
