
Microsoft Visual Studio Solution File, Format Version 12.00
# Visual Studio Version 16
VisualStudioVersion = 16.0.30225.117
MinimumVisualStudioVersion = 10.0.40219.1
Project("{9A19103F-16F7-4668-BE54-9A1E7A4F7556}") = "Business.Api", "..\NetCoreEFRepositoryBusiness\Business.Api\Business.Api.csproj", "{26BBC888-49BA-4EBF-B093-A742519D2C4A}"
EndProject
Project("{9A19103F-16F7-4668-BE54-9A1E7A4F7556}") = "Business.Domain", "..\NetCoreEFRepositoryBusiness\Business.Domain\Business.Domain.csproj", "{9AF60841-3151-40B7-8BD8-E5348CD2904B}"
EndProject
Project("{9A19103F-16F7-4668-BE54-9A1E7A4F7556}") = "Business.EntityFrameworkCore", "..\NetCoreEFRepositoryBusiness\Business.EntityFrameworkCore\Business.EntityFrameworkCore.csproj", "{B3319D1E-0EB9-496F-B4E8-8C7FFDD9859B}"
EndProject
Project("{9A19103F-16F7-4668-BE54-9A1E7A4F7556}") = "Business.Services", "..\NetCoreEFRepositoryBusiness\Business.Services\Business.Services.csproj", "{AABB9F6D-05DA-4786-BE63-08A63152C0EE}"
EndProject
Project("{9A19103F-16F7-4668-BE54-9A1E7A4F7556}") = "Common", "..\NetCoreEFRepositoryBusiness\Common\Common.csproj", "{DD9D8BCF-C453-4CDF-A1B2-D2761BE1C2C6}"
EndProject
Project("{9A19103F-16F7-4668-BE54-9A1E7A4F7556}") = "EntityFrameworkCore", "..\NetCoreEFRepositoryBusiness\EntityFrameworkCore\EntityFrameworkCore.csproj", "{79736007-EEA8-4D2C-87DF-F47722DB5234}"
EndProject
Project("{2150E333-8FDC-42A3-9474-1A3956D46DE8}") = "NetCoreEFRepositoryBusiness", "NetCoreEFRepositoryBusiness", "{4284735A-10D4-438D-A931-1513FBDBB8C1}"
EndProject
Project("{2150E333-8FDC-42A3-9474-1A3956D46DE8}") = "Schedules", "Schedules", "{4C9D038D-767D-4E4F-825C-5296A84922D7}"
	ProjectSection(SolutionItems) = preProject
		development schedules.txt = development schedules.txt
	EndProjectSection
EndProject
Project("{2150E333-8FDC-42A3-9474-1A3956D46DE8}") = "FrontEnd", "FrontEnd", "{66FC2B7B-B842-40FE-A21D-A1A2D5BCD807}"
EndProject
Project("{9A19103F-16F7-4668-BE54-9A1E7A4F7556}") = "App", "..\FrontEnd\App\App.csproj", "{403E4691-3D21-4F4A-998E-6D39DF5050F7}"
EndProject
Project("{2150E333-8FDC-42A3-9474-1A3956D46DE8}") = "Socket", "Socket", "{125E9670-727A-44FC-97BB-B84AA3E245F6}"
EndProject
Project("{9A19103F-16F7-4668-BE54-9A1E7A4F7556}") = "SocketClient", "..\Socket\SocketClient\SocketClient.csproj", "{3BFAEC45-D38A-4AF8-8A21-9D7A834E9A7D}"
EndProject
Project("{9A19103F-16F7-4668-BE54-9A1E7A4F7556}") = "SocketListenerDemo", "..\Socket\SocketListener\SocketListenerDemo.csproj", "{08BCEF84-C080-432F-B25B-FC51CFBC2EC8}"
EndProject
Project("{2150E333-8FDC-42A3-9474-1A3956D46DE8}") = "WCF", "WCF", "{C5C18AB1-96B4-4DCB-8065-7265CC257D81}"
EndProject
Project("{2150E333-8FDC-42A3-9474-1A3956D46DE8}") = "Net Core works with Docker Within Ubuntu", "Net Core works with Docker Within Ubuntu", "{32AE05F8-03C3-4F41-88E4-F0A0A7AD6F81}"
	ProjectSection(SolutionItems) = preProject
		note10[Kestrel web server implementation in ASP.NET Core].txt = note10[Kestrel web server implementation in ASP.NET Core].txt
		note11[Host ASP.NET Core on Windows with IIS].txt = note11[Host ASP.NET Core on Windows with IIS].txt
		note12[Publish an ASP.NET Core app to IIS].txt = note12[Publish an ASP.NET Core app to IIS].txt
		note13[ASP.NET Core Module].txt = note13[ASP.NET Core Module].txt
		note14[Development-time IIS support in Visual Studio for ASP.NET Core].txt = note14[Development-time IIS support in Visual Studio for ASP.NET Core].txt
		note15[IIS modules with ASP.NET Core].txt = note15[IIS modules with ASP.NET Core].txt
		note16[Troubleshoot ASP.NET Core on Azure App Service and IIS].txt = note16[Troubleshoot ASP.NET Core on Azure App Service and IIS].txt
		note17[Common errors reference for Azure App Service and IIS with ASP.NET Core].txt = note17[Common errors reference for Azure App Service and IIS with ASP.NET Core].txt
		note18[Transform web.config].txt = note18[Transform web.config].txt
		note1[Containerize a .NET Core app].txt = note1[Containerize a .NET Core app].txt
		note2[Docker images for ASP.NET Core].txt = note2[Docker images for ASP.NET Core].txt
		note3[Developing ASP.NET Core Applications with Docker over HTTPS].txt = note3[Developing ASP.NET Core Applications with Docker over HTTPS].txt
		note4[Configure ASP.NET Core to work with proxy servers and load balancers].txt = note4[Configure ASP.NET Core to work with proxy servers and load balancers].txt
		note5[Host ASP.NET Core in a web farm].txt = note5[Host ASP.NET Core in a web farm].txt
		note6[Host ASP.NET Core in a Windows Service].txt = note6[Host ASP.NET Core in a Windows Service].txt
		note7[Host ASP.NET Core on Linux with Nginx].txt = note7[Host ASP.NET Core on Linux with Nginx].txt
		note8[Host ASP.NET Core on Linux with Apache].txt = note8[Host ASP.NET Core on Linux with Apache].txt
		note9[HTTP.sys web server implementation in ASP.NET Core].txt = note9[HTTP.sys web server implementation in ASP.NET Core].txt
	EndProjectSection
EndProject
Project("{2150E333-8FDC-42A3-9474-1A3956D46DE8}") = "Azure", "Azure", "{CA94CFFF-5EFA-413F-B6FE-EE1CF73E03E4}"
EndProject
Project("{9A19103F-16F7-4668-BE54-9A1E7A4F7556}") = "NetCore.Docker", "..\.Net core works with Docker Container within Ubuntu\App\NetCore.Docker.csproj", "{323C84CF-B6D5-4E5E-8098-BB024E7E7E19}"
EndProject
Project("{2150E333-8FDC-42A3-9474-1A3956D46DE8}") = "DevOps", "DevOps", "{6896233E-5194-40DD-9999-726103C72CFE}"
	ProjectSection(SolutionItems) = preProject
		note1[DevOps with ASP.NET Core and Azure].txt = note1[DevOps with ASP.NET Core and Azure].txt
		note2[Tools and downloads].txt = note2[Tools and downloads].txt
		note3[Deploy an app to App Service].txt = note3[Deploy an app to App Service].txt
		note4[Continuous integration and deployment].txt = note4[Continuous integration and deployment].txt
		note5[Monitor and debug].txt = note5[Monitor and debug].txt
		note6[Next steps].txt = note6[Next steps].txt
	EndProjectSection
EndProject
Project("{2150E333-8FDC-42A3-9474-1A3956D46DE8}") = "Azure App Service", "Azure App Service", "{D2C31169-FCB2-4826-BFAA-F0B53D7A7935}"
	ProjectSection(SolutionItems) = preProject
		note1[Deploy ASP.NET Core apps to Azure App Service].txt = note1[Deploy ASP.NET Core apps to Azure App Service].txt
	EndProjectSection
EndProject
Project("{2150E333-8FDC-42A3-9474-1A3956D46DE8}") = "DataAccess", "DataAccess", "{207916D0-56AB-4517-9DC8-FBBECCDD6B9A}"
	ProjectSection(SolutionItems) = preProject
		note1[Razor Pages with Entity Framework Core in ASP.NET Core - Tutorial 1 of 8].txt = note1[Razor Pages with Entity Framework Core in ASP.NET Core - Tutorial 1 of 8].txt
	EndProjectSection
EndProject
Project("{2150E333-8FDC-42A3-9474-1A3956D46DE8}") = "Test, debug, and troubleshoot", "Test, debug, and troubleshoot", "{31DE46DE-6991-4116-B523-D62A5CEF34A3}"
	ProjectSection(SolutionItems) = preProject
		note1[Razor Pages unit tests in ASP.NET Core].txt = note1[Razor Pages unit tests in ASP.NET Core].txt
	EndProjectSection
EndProject
Project("{2150E333-8FDC-42A3-9474-1A3956D46DE8}") = "Remote Procedure Call apps", "Remote Procedure Call apps", "{1F2AF614-BDCA-4852-913E-C08C22CC3833}"
	ProjectSection(SolutionItems) = preProject
		note1[Introduction to gRPC on .NET Core].txt = note1[Introduction to gRPC on .NET Core].txt
	EndProjectSection
EndProject
Project("{2150E333-8FDC-42A3-9474-1A3956D46DE8}") = "Real-time apps", "Real-time apps", "{C217E056-BDE2-4806-A9BF-77BEFB80E96F}"
	ProjectSection(SolutionItems) = preProject
		note1[Introduction to ASP.NET Core SignalR].txt = note1[Introduction to ASP.NET Core SignalR].txt
	EndProjectSection
EndProject
Project("{2150E333-8FDC-42A3-9474-1A3956D46DE8}") = "Web API apps", "Web API apps", "{6E2C03F8-DE06-4449-8BB2-53725498E3FB}"
	ProjectSection(SolutionItems) = preProject
		note1[Create web APIs with ASP.NET Core].txt = note1[Create web APIs with ASP.NET Core].txt
	EndProjectSection
EndProject
Project("{2150E333-8FDC-42A3-9474-1A3956D46DE8}") = "Web apps[ok]", "Web apps[ok]", "{731C9A75-52F2-468D-ABBE-5582CD614575}"
	ProjectSection(SolutionItems) = preProject
		note1[Introduction to Razor Pages in ASP.NET Core].txt = note1[Introduction to Razor Pages in ASP.NET Core].txt
	EndProjectSection
EndProject
Project("{2150E333-8FDC-42A3-9474-1A3956D46DE8}") = "Learn Docs", "Learn Docs", "{05167046-59C0-4CED-954A-89156ED621AA}"
	ProjectSection(SolutionItems) = preProject
		Address.txt = Address.txt
	EndProjectSection
EndProject
Project("{2150E333-8FDC-42A3-9474-1A3956D46DE8}") = "RazorPagesPrj", "RazorPagesPrj", "{AE6F4798-3300-4DA5-BC70-0D16FC0D7926}"
EndProject
Project("{9A19103F-16F7-4668-BE54-9A1E7A4F7556}") = "RazorPagesMovie", "RazorPagesMovie\RazorPagesMovie.csproj", "{EBE7A671-47DB-4232-9530-A812001E5779}"
EndProject
Project("{2150E333-8FDC-42A3-9474-1A3956D46DE8}") = "Blazor", "Blazor", "{F443E445-0AC7-4BB8-987C-76C205F4F3CE}"
EndProject
Project("{9A19103F-16F7-4668-BE54-9A1E7A4F7556}") = "TodoList", "..\TodoList\TodoList.csproj", "{8B458179-7F17-448C-AB76-1F458B4858D9}"
EndProject
Project("{2150E333-8FDC-42A3-9474-1A3956D46DE8}") = "Asp.Net Core Web API", "Asp.Net Core Web API", "{B4F28668-46EF-4D66-8D36-5A6AFB0545C3}"
EndProject
Project("{9A19103F-16F7-4668-BE54-9A1E7A4F7556}") = "NetCoreAPI", "NetCoreAPI\NetCoreAPI.csproj", "{580D616F-9EC6-4BC7-8423-D2C0B4B00F41}"
EndProject
Project("{2150E333-8FDC-42A3-9474-1A3956D46DE8}") = "ASPNETCorewebAPIForMongodb", "ASPNETCorewebAPIForMongodb", "{ED37EA7E-0962-412F-9FB6-743329FF2A24}"
EndProject
Project("{9A19103F-16F7-4668-BE54-9A1E7A4F7556}") = "BooksApi", "BooksApi\BooksApi.csproj", "{09BF7FCF-33DA-4CB8-98C0-885752D5ED0F}"
EndProject
Project("{2150E333-8FDC-42A3-9474-1A3956D46DE8}") = "WCFwsHttpBinding", "WCFwsHttpBinding", "{9E0AD325-AF4E-4F7D-8E67-ABFF96E003AC}"
EndProject
Project("{2150E333-8FDC-42A3-9474-1A3956D46DE8}") = "Server", "Server", "{D0328D5E-3B20-44C5-A352-A2A5EFC26D1F}"
EndProject
Project("{2150E333-8FDC-42A3-9474-1A3956D46DE8}") = "Client", "Client", "{D726F315-E538-4314-8D88-61DAE8D71AA3}"
EndProject
Project("{FAE04EC0-301F-11D3-BF4B-00C04F79EFBC}") = "Contracts", "..\WCF\WCFwsHttpBinding\Server\Contract\Contracts.csproj", "{588032A2-0224-44E7-90AE-08C216ED765E}"
EndProject
Project("{FAE04EC0-301F-11D3-BF4B-00C04F79EFBC}") = "Services", "..\WCF\WCFwsHttpBinding\Server\Services\Services.csproj", "{875A5E5E-4D7C-4052-8FE8-A1D4896A3791}"
EndProject
Project("{FAE04EC0-301F-11D3-BF4B-00C04F79EFBC}") = "Contracts", "..\WCF\WCFwsHttpBinding\Client\Contracts\Contracts.csproj", "{1C6D8EAE-4FF8-4B2B-9A93-EBE3F4C51FD1}"
EndProject
Project("{FAE04EC0-301F-11D3-BF4B-00C04F79EFBC}") = "Client", "..\WCF\WCFwsHttpBinding\Client\Client\Client.csproj", "{6EA99EBD-D8CD-43C9-B3A7-6395EE6A1C87}"
EndProject
Global
	GlobalSection(SolutionConfigurationPlatforms) = preSolution
		Debug|Any CPU = Debug|Any CPU
		Release|Any CPU = Release|Any CPU
	EndGlobalSection
	GlobalSection(ProjectConfigurationPlatforms) = postSolution
		{26BBC888-49BA-4EBF-B093-A742519D2C4A}.Debug|Any CPU.ActiveCfg = Debug|Any CPU
		{26BBC888-49BA-4EBF-B093-A742519D2C4A}.Debug|Any CPU.Build.0 = Debug|Any CPU
		{26BBC888-49BA-4EBF-B093-A742519D2C4A}.Release|Any CPU.ActiveCfg = Release|Any CPU
		{26BBC888-49BA-4EBF-B093-A742519D2C4A}.Release|Any CPU.Build.0 = Release|Any CPU
		{9AF60841-3151-40B7-8BD8-E5348CD2904B}.Debug|Any CPU.ActiveCfg = Debug|Any CPU
		{9AF60841-3151-40B7-8BD8-E5348CD2904B}.Debug|Any CPU.Build.0 = Debug|Any CPU
		{9AF60841-3151-40B7-8BD8-E5348CD2904B}.Release|Any CPU.ActiveCfg = Release|Any CPU
		{9AF60841-3151-40B7-8BD8-E5348CD2904B}.Release|Any CPU.Build.0 = Release|Any CPU
		{B3319D1E-0EB9-496F-B4E8-8C7FFDD9859B}.Debug|Any CPU.ActiveCfg = Debug|Any CPU
		{B3319D1E-0EB9-496F-B4E8-8C7FFDD9859B}.Debug|Any CPU.Build.0 = Debug|Any CPU
		{B3319D1E-0EB9-496F-B4E8-8C7FFDD9859B}.Release|Any CPU.ActiveCfg = Release|Any CPU
		{B3319D1E-0EB9-496F-B4E8-8C7FFDD9859B}.Release|Any CPU.Build.0 = Release|Any CPU
		{AABB9F6D-05DA-4786-BE63-08A63152C0EE}.Debug|Any CPU.ActiveCfg = Debug|Any CPU
		{AABB9F6D-05DA-4786-BE63-08A63152C0EE}.Debug|Any CPU.Build.0 = Debug|Any CPU
		{AABB9F6D-05DA-4786-BE63-08A63152C0EE}.Release|Any CPU.ActiveCfg = Release|Any CPU
		{AABB9F6D-05DA-4786-BE63-08A63152C0EE}.Release|Any CPU.Build.0 = Release|Any CPU
		{DD9D8BCF-C453-4CDF-A1B2-D2761BE1C2C6}.Debug|Any CPU.ActiveCfg = Debug|Any CPU
		{DD9D8BCF-C453-4CDF-A1B2-D2761BE1C2C6}.Debug|Any CPU.Build.0 = Debug|Any CPU
		{DD9D8BCF-C453-4CDF-A1B2-D2761BE1C2C6}.Release|Any CPU.ActiveCfg = Release|Any CPU
		{DD9D8BCF-C453-4CDF-A1B2-D2761BE1C2C6}.Release|Any CPU.Build.0 = Release|Any CPU
		{79736007-EEA8-4D2C-87DF-F47722DB5234}.Debug|Any CPU.ActiveCfg = Debug|Any CPU
		{79736007-EEA8-4D2C-87DF-F47722DB5234}.Debug|Any CPU.Build.0 = Debug|Any CPU
		{79736007-EEA8-4D2C-87DF-F47722DB5234}.Release|Any CPU.ActiveCfg = Release|Any CPU
		{79736007-EEA8-4D2C-87DF-F47722DB5234}.Release|Any CPU.Build.0 = Release|Any CPU
		{403E4691-3D21-4F4A-998E-6D39DF5050F7}.Debug|Any CPU.ActiveCfg = Debug|Any CPU
		{403E4691-3D21-4F4A-998E-6D39DF5050F7}.Debug|Any CPU.Build.0 = Debug|Any CPU
		{403E4691-3D21-4F4A-998E-6D39DF5050F7}.Release|Any CPU.ActiveCfg = Release|Any CPU
		{403E4691-3D21-4F4A-998E-6D39DF5050F7}.Release|Any CPU.Build.0 = Release|Any CPU
		{3BFAEC45-D38A-4AF8-8A21-9D7A834E9A7D}.Debug|Any CPU.ActiveCfg = Debug|Any CPU
		{3BFAEC45-D38A-4AF8-8A21-9D7A834E9A7D}.Debug|Any CPU.Build.0 = Debug|Any CPU
		{3BFAEC45-D38A-4AF8-8A21-9D7A834E9A7D}.Release|Any CPU.ActiveCfg = Release|Any CPU
		{3BFAEC45-D38A-4AF8-8A21-9D7A834E9A7D}.Release|Any CPU.Build.0 = Release|Any CPU
		{08BCEF84-C080-432F-B25B-FC51CFBC2EC8}.Debug|Any CPU.ActiveCfg = Debug|Any CPU
		{08BCEF84-C080-432F-B25B-FC51CFBC2EC8}.Debug|Any CPU.Build.0 = Debug|Any CPU
		{08BCEF84-C080-432F-B25B-FC51CFBC2EC8}.Release|Any CPU.ActiveCfg = Release|Any CPU
		{08BCEF84-C080-432F-B25B-FC51CFBC2EC8}.Release|Any CPU.Build.0 = Release|Any CPU
		{323C84CF-B6D5-4E5E-8098-BB024E7E7E19}.Debug|Any CPU.ActiveCfg = Debug|Any CPU
		{323C84CF-B6D5-4E5E-8098-BB024E7E7E19}.Debug|Any CPU.Build.0 = Debug|Any CPU
		{323C84CF-B6D5-4E5E-8098-BB024E7E7E19}.Release|Any CPU.ActiveCfg = Release|Any CPU
		{323C84CF-B6D5-4E5E-8098-BB024E7E7E19}.Release|Any CPU.Build.0 = Release|Any CPU
		{EBE7A671-47DB-4232-9530-A812001E5779}.Debug|Any CPU.ActiveCfg = Debug|Any CPU
		{EBE7A671-47DB-4232-9530-A812001E5779}.Debug|Any CPU.Build.0 = Debug|Any CPU
		{EBE7A671-47DB-4232-9530-A812001E5779}.Release|Any CPU.ActiveCfg = Release|Any CPU
		{EBE7A671-47DB-4232-9530-A812001E5779}.Release|Any CPU.Build.0 = Release|Any CPU
		{8B458179-7F17-448C-AB76-1F458B4858D9}.Debug|Any CPU.ActiveCfg = Debug|Any CPU
		{8B458179-7F17-448C-AB76-1F458B4858D9}.Debug|Any CPU.Build.0 = Debug|Any CPU
		{8B458179-7F17-448C-AB76-1F458B4858D9}.Release|Any CPU.ActiveCfg = Release|Any CPU
		{8B458179-7F17-448C-AB76-1F458B4858D9}.Release|Any CPU.Build.0 = Release|Any CPU
		{580D616F-9EC6-4BC7-8423-D2C0B4B00F41}.Debug|Any CPU.ActiveCfg = Debug|Any CPU
		{580D616F-9EC6-4BC7-8423-D2C0B4B00F41}.Debug|Any CPU.Build.0 = Debug|Any CPU
		{580D616F-9EC6-4BC7-8423-D2C0B4B00F41}.Release|Any CPU.ActiveCfg = Release|Any CPU
		{580D616F-9EC6-4BC7-8423-D2C0B4B00F41}.Release|Any CPU.Build.0 = Release|Any CPU
		{09BF7FCF-33DA-4CB8-98C0-885752D5ED0F}.Debug|Any CPU.ActiveCfg = Debug|Any CPU
		{09BF7FCF-33DA-4CB8-98C0-885752D5ED0F}.Debug|Any CPU.Build.0 = Debug|Any CPU
		{09BF7FCF-33DA-4CB8-98C0-885752D5ED0F}.Release|Any CPU.ActiveCfg = Release|Any CPU
		{09BF7FCF-33DA-4CB8-98C0-885752D5ED0F}.Release|Any CPU.Build.0 = Release|Any CPU
		{588032A2-0224-44E7-90AE-08C216ED765E}.Debug|Any CPU.ActiveCfg = Debug|Any CPU
		{588032A2-0224-44E7-90AE-08C216ED765E}.Debug|Any CPU.Build.0 = Debug|Any CPU
		{588032A2-0224-44E7-90AE-08C216ED765E}.Release|Any CPU.ActiveCfg = Release|Any CPU
		{588032A2-0224-44E7-90AE-08C216ED765E}.Release|Any CPU.Build.0 = Release|Any CPU
		{875A5E5E-4D7C-4052-8FE8-A1D4896A3791}.Debug|Any CPU.ActiveCfg = Debug|Any CPU
		{875A5E5E-4D7C-4052-8FE8-A1D4896A3791}.Debug|Any CPU.Build.0 = Debug|Any CPU
		{875A5E5E-4D7C-4052-8FE8-A1D4896A3791}.Release|Any CPU.ActiveCfg = Release|Any CPU
		{875A5E5E-4D7C-4052-8FE8-A1D4896A3791}.Release|Any CPU.Build.0 = Release|Any CPU
		{1C6D8EAE-4FF8-4B2B-9A93-EBE3F4C51FD1}.Debug|Any CPU.ActiveCfg = Debug|Any CPU
		{1C6D8EAE-4FF8-4B2B-9A93-EBE3F4C51FD1}.Debug|Any CPU.Build.0 = Debug|Any CPU
		{1C6D8EAE-4FF8-4B2B-9A93-EBE3F4C51FD1}.Release|Any CPU.ActiveCfg = Release|Any CPU
		{1C6D8EAE-4FF8-4B2B-9A93-EBE3F4C51FD1}.Release|Any CPU.Build.0 = Release|Any CPU
		{6EA99EBD-D8CD-43C9-B3A7-6395EE6A1C87}.Debug|Any CPU.ActiveCfg = Debug|Any CPU
		{6EA99EBD-D8CD-43C9-B3A7-6395EE6A1C87}.Debug|Any CPU.Build.0 = Debug|Any CPU
		{6EA99EBD-D8CD-43C9-B3A7-6395EE6A1C87}.Release|Any CPU.ActiveCfg = Release|Any CPU
		{6EA99EBD-D8CD-43C9-B3A7-6395EE6A1C87}.Release|Any CPU.Build.0 = Release|Any CPU
	EndGlobalSection
	GlobalSection(SolutionProperties) = preSolution
		HideSolutionNode = FALSE
	EndGlobalSection
	GlobalSection(NestedProjects) = preSolution
		{26BBC888-49BA-4EBF-B093-A742519D2C4A} = {4284735A-10D4-438D-A931-1513FBDBB8C1}
		{9AF60841-3151-40B7-8BD8-E5348CD2904B} = {4284735A-10D4-438D-A931-1513FBDBB8C1}
		{B3319D1E-0EB9-496F-B4E8-8C7FFDD9859B} = {4284735A-10D4-438D-A931-1513FBDBB8C1}
		{AABB9F6D-05DA-4786-BE63-08A63152C0EE} = {4284735A-10D4-438D-A931-1513FBDBB8C1}
		{DD9D8BCF-C453-4CDF-A1B2-D2761BE1C2C6} = {4284735A-10D4-438D-A931-1513FBDBB8C1}
		{79736007-EEA8-4D2C-87DF-F47722DB5234} = {4284735A-10D4-438D-A931-1513FBDBB8C1}
		{403E4691-3D21-4F4A-998E-6D39DF5050F7} = {66FC2B7B-B842-40FE-A21D-A1A2D5BCD807}
		{3BFAEC45-D38A-4AF8-8A21-9D7A834E9A7D} = {125E9670-727A-44FC-97BB-B84AA3E245F6}
		{08BCEF84-C080-432F-B25B-FC51CFBC2EC8} = {125E9670-727A-44FC-97BB-B84AA3E245F6}
		{323C84CF-B6D5-4E5E-8098-BB024E7E7E19} = {32AE05F8-03C3-4F41-88E4-F0A0A7AD6F81}
		{6896233E-5194-40DD-9999-726103C72CFE} = {32AE05F8-03C3-4F41-88E4-F0A0A7AD6F81}
		{D2C31169-FCB2-4826-BFAA-F0B53D7A7935} = {32AE05F8-03C3-4F41-88E4-F0A0A7AD6F81}
		{207916D0-56AB-4517-9DC8-FBBECCDD6B9A} = {32AE05F8-03C3-4F41-88E4-F0A0A7AD6F81}
		{31DE46DE-6991-4116-B523-D62A5CEF34A3} = {32AE05F8-03C3-4F41-88E4-F0A0A7AD6F81}
		{1F2AF614-BDCA-4852-913E-C08C22CC3833} = {32AE05F8-03C3-4F41-88E4-F0A0A7AD6F81}
		{C217E056-BDE2-4806-A9BF-77BEFB80E96F} = {32AE05F8-03C3-4F41-88E4-F0A0A7AD6F81}
		{6E2C03F8-DE06-4449-8BB2-53725498E3FB} = {05167046-59C0-4CED-954A-89156ED621AA}
		{731C9A75-52F2-468D-ABBE-5582CD614575} = {05167046-59C0-4CED-954A-89156ED621AA}
		{EBE7A671-47DB-4232-9530-A812001E5779} = {AE6F4798-3300-4DA5-BC70-0D16FC0D7926}
		{8B458179-7F17-448C-AB76-1F458B4858D9} = {F443E445-0AC7-4BB8-987C-76C205F4F3CE}
		{580D616F-9EC6-4BC7-8423-D2C0B4B00F41} = {B4F28668-46EF-4D66-8D36-5A6AFB0545C3}
		{09BF7FCF-33DA-4CB8-98C0-885752D5ED0F} = {ED37EA7E-0962-412F-9FB6-743329FF2A24}
		{9E0AD325-AF4E-4F7D-8E67-ABFF96E003AC} = {C5C18AB1-96B4-4DCB-8065-7265CC257D81}
		{D0328D5E-3B20-44C5-A352-A2A5EFC26D1F} = {9E0AD325-AF4E-4F7D-8E67-ABFF96E003AC}
		{D726F315-E538-4314-8D88-61DAE8D71AA3} = {9E0AD325-AF4E-4F7D-8E67-ABFF96E003AC}
		{588032A2-0224-44E7-90AE-08C216ED765E} = {D0328D5E-3B20-44C5-A352-A2A5EFC26D1F}
		{875A5E5E-4D7C-4052-8FE8-A1D4896A3791} = {D0328D5E-3B20-44C5-A352-A2A5EFC26D1F}
		{1C6D8EAE-4FF8-4B2B-9A93-EBE3F4C51FD1} = {D726F315-E538-4314-8D88-61DAE8D71AA3}
		{6EA99EBD-D8CD-43C9-B3A7-6395EE6A1C87} = {D726F315-E538-4314-8D88-61DAE8D71AA3}
	EndGlobalSection
	GlobalSection(ExtensibilityGlobals) = postSolution
		SolutionGuid = {2ECFD30C-A2A8-4E2A-A743-92980F5986B8}
	EndGlobalSection
EndGlobal
