
Microsoft Visual Studio Solution File, Format Version 12.00
# Visual Studio Version 16
VisualStudioVersion = 16.0.30225.117
MinimumVisualStudioVersion = 10.0.40219.1
Project("{9A19103F-16F7-4668-BE54-9A1E7A4F7556}") = "TodoList", "TodoList.csproj", "{3B4ED05D-BC2A-48CC-A0CA-4DC48255C961}"
EndProject
Global
	GlobalSection(SolutionConfigurationPlatforms) = preSolution
		Debug|Any CPU = Debug|Any CPU
		Release|Any CPU = Release|Any CPU
	EndGlobalSection
	GlobalSection(ProjectConfigurationPlatforms) = postSolution
		{3B4ED05D-BC2A-48CC-A0CA-4DC48255C961}.Debug|Any CPU.ActiveCfg = Debug|Any CPU
		{3B4ED05D-BC2A-48CC-A0CA-4DC48255C961}.Debug|Any CPU.Build.0 = Debug|Any CPU
		{3B4ED05D-BC2A-48CC-A0CA-4DC48255C961}.Release|Any CPU.ActiveCfg = Release|Any CPU
		{3B4ED05D-BC2A-48CC-A0CA-4DC48255C961}.Release|Any CPU.Build.0 = Release|Any CPU
	EndGlobalSection
	GlobalSection(SolutionProperties) = preSolution
		HideSolutionNode = FALSE
	EndGlobalSection
	GlobalSection(ExtensibilityGlobals) = postSolution
		SolutionGuid = {81D4C224-1B33-4ED7-8730-35BE90D937AC}
	EndGlobalSection
EndGlobal
